
Microsoft Visual Studio Solution File, Format Version 12.00
# Visual Studio Version 17
VisualStudioVersion = 17.10.35013.160
MinimumVisualStudioVersion = 10.0.40219.1
Project("{8BC9CEB8-8B4A-11D0-8D11-00A0C91BC942}") = "MidiGenshinMusicPlayer", "MidiGenshinMusicPlayer.vcxproj", "{5C41A74D-746F-40A4-8971-E805894EBA3D}"
EndProject
Global
	GlobalSection(SolutionConfigurationPlatforms) = preSolution
		Debug|x64 = Debug|x64
		Debug|x86 = Debug|x86
		Release|x64 = Release|x64
		Release|x86 = Release|x86
	EndGlobalSection
	GlobalSection(ProjectConfigurationPlatforms) = postSolution
		{5C41A74D-746F-40A4-8971-E805894EBA3D}.Debug|x64.ActiveCfg = Debug|x64
		{5C41A74D-746F-40A4-8971-E805894EBA3D}.Debug|x64.Build.0 = Debug|x64
		{5C41A74D-746F-40A4-8971-E805894EBA3D}.Debug|x86.ActiveCfg = Debug|Win32
		{5C41A74D-746F-40A4-8971-E805894EBA3D}.Debug|x86.Build.0 = Debug|Win32
		{5C41A74D-746F-40A4-8971-E805894EBA3D}.Release|x64.ActiveCfg = Release|x64
		{5C41A74D-746F-40A4-8971-E805894EBA3D}.Release|x64.Build.0 = Release|x64
		{5C41A74D-746F-40A4-8971-E805894EBA3D}.Release|x86.ActiveCfg = Release|Win32
		{5C41A74D-746F-40A4-8971-E805894EBA3D}.Release|x86.Build.0 = Release|Win32
	EndGlobalSection
	GlobalSection(SolutionProperties) = preSolution
		HideSolutionNode = FALSE
	EndGlobalSection
	GlobalSection(ExtensibilityGlobals) = postSolution
		SolutionGuid = {93A202B2-64AC-484E-A804-CDED37909033}
	EndGlobalSection
EndGlobal
